// !$*UTF8*$!
{
	archiveVersion = 1;
	classes = {
	};
	objectVersion = 77;
	objects = {

/* Begin PBXBuildFile section */
		3E3EDAAD2EE39D96001016E5 /* Assets.xcassets in Resources */ = {isa = PBXBuildFile; fileRef = 3E3EDAA92EE39D96001016E5 /* Assets.xcassets */; };
		3E3EDAAE2EE39D96001016E5 /* HomePage.swift in Sources */ = {isa = PBXBuildFile; fileRef = 3E3EDAAA2EE39D96001016E5 /* HomePage.swift */; };
		3E3EDAAF2EE39D96001016E5 /* myNetworthApp.swift in Sources */ = {isa = PBXBuildFile; fileRef = 3E3EDAAB2EE39D96001016E5 /* myNetworthApp.swift */; };
		3E3EDAB32EE39E1D001016E5 /* FinancialItem.swift in Sources */ = {isa = PBXBuildFile; fileRef = 3E3EDAB22EE39E1D001016E5 /* FinancialItem.swift */; };
		3E3EDAB62EE39E64001016E5 /* NetWorthViewModel.swift in Sources */ = {isa = PBXBuildFile; fileRef = 3E3EDAB52EE39E64001016E5 /* NetWorthViewModel.swift */; };
		3E3EDAB82EE39EAB001016E5 /* YearCard.swift in Sources */ = {isa = PBXBuildFile; fileRef = 3E3EDAB72EE39EAB001016E5 /* YearCard.swift */; };
		3E3EDAC02EE39F47001016E5 /* AllItemsView.swift in Sources */ = {isa = PBXBuildFile; fileRef = 3E3EDABF2EE39F47001016E5 /* AllItemsView.swift */; };
		3E3EDAC22EE39F6A001016E5 /* AssetsView.swift in Sources */ = {isa = PBXBuildFile; fileRef = 3E3EDAC12EE39F6A001016E5 /* AssetsView.swift */; };
		3E3EDAC42EE39F87001016E5 /* LiabilitiesView.swift in Sources */ = {isa = PBXBuildFile; fileRef = 3E3EDAC32EE39F87001016E5 /* LiabilitiesView.swift */; };
		3E3EDAC82EE39FEC001016E5 /* OverallAnalysisView.swift in Sources */ = {isa = PBXBuildFile; fileRef = 3E3EDAC72EE39FEC001016E5 /* OverallAnalysisView.swift */; };
		3EBC70B02EFF1031009DF832 /* CategoryBreakdownTile.swift in Sources */ = {isa = PBXBuildFile; fileRef = 3EBC70AF2EFF1031009DF832 /* CategoryBreakdownTile.swift */; };
/* End PBXBuildFile section */

/* Begin PBXFileReference section */
		3E3EDA9B2EE39580001016E5 /* myNetworth.app */ = {isa = PBXFileReference; explicitFileType = wrapper.application; includeInIndex = 0; path = myNetworth.app; sourceTree = BUILT_PRODUCTS_DIR; };
		3E3EDAA92EE39D96001016E5 /* Assets.xcassets */ = {isa = PBXFileReference; lastKnownFileType = folder.assetcatalog; path = Assets.xcassets; sourceTree = "<group>"; };
		3E3EDAAA2EE39D96001016E5 /* HomePage.swift */ = {isa = PBXFileReference; lastKnownFileType = sourcecode.swift; path = HomePage.swift; sourceTree = "<group>"; tabWidth = 4; };
		3E3EDAAB2EE39D96001016E5 /* myNetworthApp.swift */ = {isa = PBXFileReference; lastKnownFileType = sourcecode.swift; path = myNetworthApp.swift; sourceTree = "<group>"; };
		3E3EDAB22EE39E1D001016E5 /* FinancialItem.swift */ = {isa = PBXFileReference; lastKnownFileType = sourcecode.swift; path = FinancialItem.swift; sourceTree = "<group>"; };
		3E3EDAB52EE39E64001016E5 /* NetWorthViewModel.swift */ = {isa = PBXFileReference; lastKnownFileType = sourcecode.swift; path = NetWorthViewModel.swift; sourceTree = "<group>"; };
		3E3EDAB72EE39EAB001016E5 /* YearCard.swift */ = {isa = PBXFileReference; lastKnownFileType = sourcecode.swift; path = YearCard.swift; sourceTree = "<group>"; };
		3E3EDABF2EE39F47001016E5 /* AllItemsView.swift */ = {isa = PBXFileReference; lastKnownFileType = sourcecode.swift; path = AllItemsView.swift; sourceTree = "<group>"; };
		3E3EDAC12EE39F6A001016E5 /* AssetsView.swift */ = {isa = PBXFileReference; lastKnownFileType = sourcecode.swift; path = AssetsView.swift; sourceTree = "<group>"; };
		3E3EDAC32EE39F87001016E5 /* LiabilitiesView.swift */ = {isa = PBXFileReference; lastKnownFileType = sourcecode.swift; path = LiabilitiesView.swift; sourceTree = "<group>"; };
		3E3EDAC72EE39FEC001016E5 /* OverallAnalysisView.swift */ = {isa = PBXFileReference; lastKnownFileType = sourcecode.swift; path = OverallAnalysisView.swift; sourceTree = "<group>"; };
		3EBC70AF2EFF1031009DF832 /* CategoryBreakdownTile.swift */ = {isa = PBXFileReference; lastKnownFileType = sourcecode.swift; path = CategoryBreakdownTile.swift; sourceTree = "<group>"; };
/* End PBXFileReference section */

/* Begin PBXFrameworksBuildPhase section */
		3E3EDA982EE39580001016E5 /* Frameworks */ = {
			isa = PBXFrameworksBuildPhase;
			buildActionMask = 2147483647;
			files = (
			);
			runOnlyForDeploymentPostprocessing = 0;
		};
/* End PBXFrameworksBuildPhase section */

/* Begin PBXGroup section */
		3E3EDA922EE39580001016E5 = {
			isa = PBXGroup;
			children = (
				3E3EDAAC2EE39D96001016E5 /* myNetworth */,
				3E3EDA9C2EE39580001016E5 /* Products */,
			);
			sourceTree = "<group>";
		};
		3E3EDA9C2EE39580001016E5 /* Products */ = {
			isa = PBXGroup;
			children = (
				3E3EDA9B2EE39580001016E5 /* myNetworth.app */,
			);
			name = Products;
			sourceTree = "<group>";
		};
		3E3EDAAC2EE39D96001016E5 /* myNetworth */ = {
			isa = PBXGroup;
			children = (
				3E3EDAB12EE39DAB001016E5 /* Model */,
				3E3EDAB02EE39DA1001016E5 /* View */,
				3E3EDAB42EE39E4E001016E5 /* View Model */,
				3E3EDAA92EE39D96001016E5 /* Assets.xcassets */,
			);
			path = myNetworth;
			sourceTree = "<group>";
		};
		3E3EDAB02EE39DA1001016E5 /* View */ = {
			isa = PBXGroup;
			children = (
				3E3EDAAA2EE39D96001016E5 /* HomePage.swift */,
				3EBC70AF2EFF1031009DF832 /* CategoryBreakdownTile.swift */,
				3E3EDAC72EE39FEC001016E5 /* OverallAnalysisView.swift */,
				3E3EDAC32EE39F87001016E5 /* LiabilitiesView.swift */,
				3E3EDAC12EE39F6A001016E5 /* AssetsView.swift */,
				3E3EDABF2EE39F47001016E5 /* AllItemsView.swift */,
				3E3EDAB72EE39EAB001016E5 /* YearCard.swift */,
			);
			path = View;
			sourceTree = "<group>";
		};
		3E3EDAB12EE39DAB001016E5 /* Model */ = {
			isa = PBXGroup;
			children = (
				3E3EDAB22EE39E1D001016E5 /* FinancialItem.swift */,
				3E3EDAAB2EE39D96001016E5 /* myNetworthApp.swift */,
			);
			path = Model;
			sourceTree = "<group>";
		};
		3E3EDAB42EE39E4E001016E5 /* View Model */ = {
			isa = PBXGroup;
			children = (
				3E3EDAB52EE39E64001016E5 /* NetWorthViewModel.swift */,
			);
			path = "View Model";
			sourceTree = "<group>";
		};
/* End PBXGroup section */

/* Begin PBXNativeTarget section */
		3E3EDA9A2EE39580001016E5 /* myNetworth */ = {
			isa = PBXNativeTarget;
			buildConfigurationList = 3E3EDAA62EE39581001016E5 /* Build configuration list for PBXNativeTarget "myNetworth" */;
			buildPhases = (
				3E3EDA972EE39580001016E5 /* Sources */,
				3E3EDA982EE39580001016E5 /* Frameworks */,
				3E3EDA992EE39580001016E5 /* Resources */,
			);
			buildRules = (
			);
			dependencies = (
			);
			name = myNetworth;
			packageProductDependencies = (
			);
			productName = myNetworth;
			productReference = 3E3EDA9B2EE39580001016E5 /* myNetworth.app */;
			productType = "com.apple.product-type.application";
		};
/* End PBXNativeTarget section */

/* Begin PBXProject section */
		3E3EDA932EE39580001016E5 /* Project object */ = {
			isa = PBXProject;
			attributes = {
				BuildIndependentTargetsInParallel = 1;
				LastSwiftUpdateCheck = 2610;
				LastUpgradeCheck = 2620;
				TargetAttributes = {
					3E3EDA9A2EE39580001016E5 = {
						CreatedOnToolsVersion = 26.1.1;
					};
				};
			};
			buildConfigurationList = 3E3EDA962EE39580001016E5 /* Build configuration list for PBXProject "myNetworth" */;
			developmentRegion = en;
			hasScannedForEncodings = 0;
			knownRegions = (
				en,
				Base,
			);
			mainGroup = 3E3EDA922EE39580001016E5;
			minimizedProjectReferenceProxies = 1;
			preferredProjectObjectVersion = 77;
			productRefGroup = 3E3EDA9C2EE39580001016E5 /* Products */;
			projectDirPath = "";
			projectRoot = "";
			targets = (
				3E3EDA9A2EE39580001016E5 /* myNetworth */,
			);
		};
/* End PBXProject section */

/* Begin PBXResourcesBuildPhase section */
		3E3EDA992EE39580001016E5 /* Resources */ = {
			isa = PBXResourcesBuildPhase;
			buildActionMask = 2147483647;
			files = (
				3E3EDAAD2EE39D96001016E5 /* Assets.xcassets in Resources */,
			);
			runOnlyForDeploymentPostprocessing = 0;
		};
/* End PBXResourcesBuildPhase section */

/* Begin PBXSourcesBuildPhase section */
		3E3EDA972EE39580001016E5 /* Sources */ = {
			isa = PBXSourcesBuildPhase;
			buildActionMask = 2147483647;
			files = (
				3E3EDAAE2EE39D96001016E5 /* HomePage.swift in Sources */,
				3EBC70B02EFF1031009DF832 /* CategoryBreakdownTile.swift in Sources */,
				3E3EDAB62EE39E64001016E5 /* NetWorthViewModel.swift in Sources */,
				3E3EDAC42EE39F87001016E5 /* LiabilitiesView.swift in Sources */,
				3E3EDAC02EE39F47001016E5 /* AllItemsView.swift in Sources */,
				3E3EDAB32EE39E1D001016E5 /* FinancialItem.swift in Sources */,
				3E3EDAC22EE39F6A001016E5 /* AssetsView.swift in Sources */,
				3E3EDAC82EE39FEC001016E5 /* OverallAnalysisView.swift in Sources */,
				3E3EDAB82EE39EAB001016E5 /* YearCard.swift in Sources */,
				3E3EDAAF2EE39D96001016E5 /* myNetworthApp.swift in Sources */,
			);
			runOnlyForDeploymentPostprocessing = 0;
		};
/* End PBXSourcesBuildPhase section */

/* Begin XCBuildConfiguration section */
		3E3EDAA42EE39581001016E5 /* Debug */ = {
			isa = XCBuildConfiguration;
			buildSettings = {
				ALWAYS_SEARCH_USER_PATHS = NO;
				ASSETCATALOG_COMPILER_GENERATE_SWIFT_ASSET_SYMBOL_EXTENSIONS = YES;
				CLANG_ANALYZER_NONNULL = YES;
				CLANG_ANALYZER_NUMBER_OBJECT_CONVERSION = YES_AGGRESSIVE;
				CLANG_CXX_LANGUAGE_STANDARD = "gnu++20";
				CLANG_ENABLE_MODULES = YES;
				CLANG_ENABLE_OBJC_ARC = YES;
				CLANG_ENABLE_OBJC_WEAK = YES;
				CLANG_WARN_BLOCK_CAPTURE_AUTORELEASING = YES;
				CLANG_WARN_BOOL_CONVERSION = YES;
				CLANG_WARN_COMMA = YES;
				CLANG_WARN_CONSTANT_CONVERSION = YES;
				CLANG_WARN_DEPRECATED_OBJC_IMPLEMENTATIONS = YES;
				CLANG_WARN_DIRECT_OBJC_ISA_USAGE = YES_ERROR;
				CLANG_WARN_DOCUMENTATION_COMMENTS = YES;
				CLANG_WARN_EMPTY_BODY = YES;
				CLANG_WARN_ENUM_CONVERSION = YES;
				CLANG_WARN_INFINITE_RECURSION = YES;
				CLANG_WARN_INT_CONVERSION = YES;
				CLANG_WARN_NON_LITERAL_NULL_CONVERSION = YES;
				CLANG_WARN_OBJC_IMPLICIT_RETAIN_SELF = YES;
				CLANG_WARN_OBJC_LITERAL_CONVERSION = YES;
				CLANG_WARN_OBJC_ROOT_CLASS = YES_ERROR;
				CLANG_WARN_QUOTED_INCLUDE_IN_FRAMEWORK_HEADER = YES;
				CLANG_WARN_RANGE_LOOP_ANALYSIS = YES;
				CLANG_WARN_STRICT_PROTOTYPES = YES;
				CLANG_WARN_SUSPICIOUS_MOVE = YES;
				CLANG_WARN_UNGUARDED_AVAILABILITY = YES_AGGRESSIVE;
				CLANG_WARN_UNREACHABLE_CODE = YES;
				CLANG_WARN__DUPLICATE_METHOD_MATCH = YES;
				COPY_PHASE_STRIP = NO;
				DEAD_CODE_STRIPPING = YES;
				DEBUG_INFORMATION_FORMAT = dwarf;
				DEVELOPMENT_TEAM = 5G4KHSNPYL;
				ENABLE_STRICT_OBJC_MSGSEND = YES;
				ENABLE_TESTABILITY = YES;
				ENABLE_USER_SCRIPT_SANDBOXING = YES;
				GCC_C_LANGUAGE_STANDARD = gnu17;
				GCC_DYNAMIC_NO_PIC = NO;
				GCC_NO_COMMON_BLOCKS = YES;
				GCC_OPTIMIZATION_LEVEL = 0;
				GCC_PREPROCESSOR_DEFINITIONS = (
					"DEBUG=1",
					"$(inherited)",
				);
				GCC_WARN_64_TO_32_BIT_CONVERSION = YES;
				GCC_WARN_ABOUT_RETURN_TYPE = YES_ERROR;
				GCC_WARN_UNDECLARED_SELECTOR = YES;
				GCC_WARN_UNINITIALIZED_AUTOS = YES_AGGRESSIVE;
				GCC_WARN_UNUSED_FUNCTION = YES;
				GCC_WARN_UNUSED_VARIABLE = YES;
				LOCALIZATION_PREFERS_STRING_CATALOGS = YES;
				MTL_ENABLE_DEBUG_INFO = INCLUDE_SOURCE;
				MTL_FAST_MATH = YES;
				ONLY_ACTIVE_ARCH = YES;
				STRING_CATALOG_GENERATE_SYMBOLS = YES;
				SWIFT_ACTIVE_COMPILATION_CONDITIONS = "DEBUG $(inherited)";
				SWIFT_OPTIMIZATION_LEVEL = "-Onone";
			};
			name = Debug;
		};
		3E3EDAA52EE39581001016E5 /* Release */ = {
			isa = XCBuildConfiguration;
			buildSettings = {
				ALWAYS_SEARCH_USER_PATHS = NO;
				ASSETCATALOG_COMPILER_GENERATE_SWIFT_ASSET_SYMBOL_EXTENSIONS = YES;
				CLANG_ANALYZER_NONNULL = YES;
				CLANG_ANALYZER_NUMBER_OBJECT_CONVERSION = YES_AGGRESSIVE;
				CLANG_CXX_LANGUAGE_STANDARD = "gnu++20";
				CLANG_ENABLE_MODULES = YES;
				CLANG_ENABLE_OBJC_ARC = YES;
				CLANG_ENABLE_OBJC_WEAK = YES;
				CLANG_WARN_BLOCK_CAPTURE_AUTORELEASING = YES;
				CLANG_WARN_BOOL_CONVERSION = YES;
				CLANG_WARN_COMMA = YES;
				CLANG_WARN_CONSTANT_CONVERSION = YES;
				CLANG_WARN_DEPRECATED_OBJC_IMPLEMENTATIONS = YES;
				CLANG_WARN_DIRECT_OBJC_ISA_USAGE = YES_ERROR;
				CLANG_WARN_DOCUMENTATION_COMMENTS = YES;
				CLANG_WARN_EMPTY_BODY = YES;
				CLANG_WARN_ENUM_CONVERSION = YES;
				CLANG_WARN_INFINITE_RECURSION = YES;
				CLANG_WARN_INT_CONVERSION = YES;
				CLANG_WARN_NON_LITERAL_NULL_CONVERSION = YES;
				CLANG_WARN_OBJC_IMPLICIT_RETAIN_SELF = YES;
				CLANG_WARN_OBJC_LITERAL_CONVERSION = YES;
				CLANG_WARN_OBJC_ROOT_CLASS = YES_ERROR;
				CLANG_WARN_QUOTED_INCLUDE_IN_FRAMEWORK_HEADER = YES;
				CLANG_WARN_RANGE_LOOP_ANALYSIS = YES;
				CLANG_WARN_STRICT_PROTOTYPES = YES;
				CLANG_WARN_SUSPICIOUS_MOVE = YES;
				CLANG_WARN_UNGUARDED_AVAILABILITY = YES_AGGRESSIVE;
				CLANG_WARN_UNREACHABLE_CODE = YES;
				CLANG_WARN__DUPLICATE_METHOD_MATCH = YES;
				COPY_PHASE_STRIP = NO;
				DEAD_CODE_STRIPPING = YES;
				DEBUG_INFORMATION_FORMAT = "dwarf-with-dsym";
				DEVELOPMENT_TEAM = 5G4KHSNPYL;
				ENABLE_NS_ASSERTIONS = NO;
				ENABLE_STRICT_OBJC_MSGSEND = YES;
				ENABLE_USER_SCRIPT_SANDBOXING = YES;
				GCC_C_LANGUAGE_STANDARD = gnu17;
				GCC_NO_COMMON_BLOCKS = YES;
				GCC_WARN_64_TO_32_BIT_CONVERSION = YES;
				GCC_WARN_ABOUT_RETURN_TYPE = YES_ERROR;
				GCC_WARN_UNDECLARED_SELECTOR = YES;
				GCC_WARN_UNINITIALIZED_AUTOS = YES_AGGRESSIVE;
				GCC_WARN_UNUSED_FUNCTION = YES;
				GCC_WARN_UNUSED_VARIABLE = YES;
				LOCALIZATION_PREFERS_STRING_CATALOGS = YES;
				MTL_ENABLE_DEBUG_INFO = NO;
				MTL_FAST_MATH = YES;
				STRING_CATALOG_GENERATE_SYMBOLS = YES;
				SWIFT_COMPILATION_MODE = wholemodule;
			};
			name = Release;
		};
		3E3EDAA72EE39581001016E5 /* Debug */ = {
			isa = XCBuildConfiguration;
			buildSettings = {
				ASSETCATALOG_COMPILER_APPICON_NAME = AppIcon;
				ASSETCATALOG_COMPILER_GLOBAL_ACCENT_COLOR_NAME = AccentColor;
				CODE_SIGN_STYLE = Automatic;
				CURRENT_PROJECT_VERSION = 1;
				DEAD_CODE_STRIPPING = YES;
				DEVELOPMENT_TEAM = 5G4KHSNPYL;
				ENABLE_APP_SANDBOX = YES;
				ENABLE_HARDENED_RUNTIME = YES;
				ENABLE_PREVIEWS = YES;
				ENABLE_USER_SELECTED_FILES = readonly;
				GENERATE_INFOPLIST_FILE = YES;
				INFOPLIST_KEY_LSApplicationCategoryType = "public.app-category.business";
				"INFOPLIST_KEY_UIApplicationSceneManifest_Generation[sdk=iphoneos*]" = YES;
				"INFOPLIST_KEY_UIApplicationSceneManifest_Generation[sdk=iphonesimulator*]" = YES;
				"INFOPLIST_KEY_UIApplicationSupportsIndirectInputEvents[sdk=iphoneos*]" = YES;
				"INFOPLIST_KEY_UIApplicationSupportsIndirectInputEvents[sdk=iphonesimulator*]" = YES;
				"INFOPLIST_KEY_UILaunchScreen_Generation[sdk=iphoneos*]" = YES;
				"INFOPLIST_KEY_UILaunchScreen_Generation[sdk=iphonesimulator*]" = YES;
				"INFOPLIST_KEY_UIStatusBarStyle[sdk=iphoneos*]" = UIStatusBarStyleDefault;
				"INFOPLIST_KEY_UIStatusBarStyle[sdk=iphonesimulator*]" = UIStatusBarStyleDefault;
				INFOPLIST_KEY_UISupportedInterfaceOrientations_iPad = "UIInterfaceOrientationPortrait UIInterfaceOrientationPortraitUpsideDown UIInterfaceOrientationLandscapeLeft UIInterfaceOrientationLandscapeRight";
				INFOPLIST_KEY_UISupportedInterfaceOrientations_iPhone = "UIInterfaceOrientationPortrait UIInterfaceOrientationLandscapeLeft UIInterfaceOrientationLandscapeRight";
				IPHONEOS_DEPLOYMENT_TARGET = 26.0;
				LD_RUNPATH_SEARCH_PATHS = "@executable_path/Frameworks";
				"LD_RUNPATH_SEARCH_PATHS[sdk=macosx*]" = "@executable_path/../Frameworks";
				MACOSX_DEPLOYMENT_TARGET = 26.1;
				MARKETING_VERSION = 1.1;
				PRODUCT_BUNDLE_IDENTIFIER = SwiftDomain.myNetworth;
				PRODUCT_NAME = "$(TARGET_NAME)";
				REGISTER_APP_GROUPS = YES;
				SDKROOT = auto;
				STRING_CATALOG_GENERATE_SYMBOLS = YES;
				SUPPORTED_PLATFORMS = "iphoneos iphonesimulator";
				SUPPORTS_MACCATALYST = NO;
				SWIFT_APPROACHABLE_CONCURRENCY = YES;
				SWIFT_DEFAULT_ACTOR_ISOLATION = MainActor;
				SWIFT_EMIT_LOC_STRINGS = YES;
				SWIFT_UPCOMING_FEATURE_MEMBER_IMPORT_VISIBILITY = YES;
				SWIFT_VERSION = 5.0;
				TARGETED_DEVICE_FAMILY = "1,2";
				XROS_DEPLOYMENT_TARGET = 26.1;
			};
			name = Debug;
		};
		3E3EDAA82EE39581001016E5 /* Release */ = {
			isa = XCBuildConfiguration;
			buildSettings = {
				ASSETCATALOG_COMPILER_APPICON_NAME = AppIcon;
				ASSETCATALOG_COMPILER_GLOBAL_ACCENT_COLOR_NAME = AccentColor;
				CODE_SIGN_STYLE = Automatic;
				CURRENT_PROJECT_VERSION = 1;
				DEAD_CODE_STRIPPING = YES;
				DEVELOPMENT_TEAM = 5G4KHSNPYL;
				ENABLE_APP_SANDBOX = YES;
				ENABLE_HARDENED_RUNTIME = YES;
				ENABLE_PREVIEWS = YES;
				ENABLE_USER_SELECTED_FILES = readonly;
				GENERATE_INFOPLIST_FILE = YES;
				INFOPLIST_KEY_LSApplicationCategoryType = "public.app-category.business";
				"INFOPLIST_KEY_UIApplicationSceneManifest_Generation[sdk=iphoneos*]" = YES;
				"INFOPLIST_KEY_UIApplicationSceneManifest_Generation[sdk=iphonesimulator*]" = YES;
				"INFOPLIST_KEY_UIApplicationSupportsIndirectInputEvents[sdk=iphoneos*]" = YES;
				"INFOPLIST_KEY_UIApplicationSupportsIndirectInputEvents[sdk=iphonesimulator*]" = YES;
				"INFOPLIST_KEY_UILaunchScreen_Generation[sdk=iphoneos*]" = YES;
				"INFOPLIST_KEY_UILaunchScreen_Generation[sdk=iphonesimulator*]" = YES;
				"INFOPLIST_KEY_UIStatusBarStyle[sdk=iphoneos*]" = UIStatusBarStyleDefault;
				"INFOPLIST_KEY_UIStatusBarStyle[sdk=iphonesimulator*]" = UIStatusBarStyleDefault;
				INFOPLIST_KEY_UISupportedInterfaceOrientations_iPad = "UIInterfaceOrientationPortrait UIInterfaceOrientationPortraitUpsideDown UIInterfaceOrientationLandscapeLeft UIInterfaceOrientationLandscapeRight";
				INFOPLIST_KEY_UISupportedInterfaceOrientations_iPhone = "UIInterfaceOrientationPortrait UIInterfaceOrientationLandscapeLeft UIInterfaceOrientationLandscapeRight";
				IPHONEOS_DEPLOYMENT_TARGET = 26.0;
				LD_RUNPATH_SEARCH_PATHS = "@executable_path/Frameworks";
				"LD_RUNPATH_SEARCH_PATHS[sdk=macosx*]" = "@executable_path/../Frameworks";
				MACOSX_DEPLOYMENT_TARGET = 26.1;
				MARKETING_VERSION = 1.1;
				PRODUCT_BUNDLE_IDENTIFIER = SwiftDomain.myNetworth;
				PRODUCT_NAME = "$(TARGET_NAME)";
				REGISTER_APP_GROUPS = YES;
				SDKROOT = auto;
				STRING_CATALOG_GENERATE_SYMBOLS = YES;
				SUPPORTED_PLATFORMS = "iphoneos iphonesimulator";
				SUPPORTS_MACCATALYST = NO;
				SWIFT_APPROACHABLE_CONCURRENCY = YES;
				SWIFT_DEFAULT_ACTOR_ISOLATION = MainActor;
				SWIFT_EMIT_LOC_STRINGS = YES;
				SWIFT_UPCOMING_FEATURE_MEMBER_IMPORT_VISIBILITY = YES;
				SWIFT_VERSION = 5.0;
				TARGETED_DEVICE_FAMILY = "1,2";
				XROS_DEPLOYMENT_TARGET = 26.1;
			};
			name = Release;
		};
/* End XCBuildConfiguration section */

/* Begin XCConfigurationList section */
		3E3EDA962EE39580001016E5 /* Build configuration list for PBXProject "myNetworth" */ = {
			isa = XCConfigurationList;
			buildConfigurations = (
				3E3EDAA42EE39581001016E5 /* Debug */,
				3E3EDAA52EE39581001016E5 /* Release */,
			);
			defaultConfigurationIsVisible = 0;
			defaultConfigurationName = Release;
		};
		3E3EDAA62EE39581001016E5 /* Build configuration list for PBXNativeTarget "myNetworth" */ = {
			isa = XCConfigurationList;
			buildConfigurations = (
				3E3EDAA72EE39581001016E5 /* Debug */,
				3E3EDAA82EE39581001016E5 /* Release */,
			);
			defaultConfigurationIsVisible = 0;
			defaultConfigurationName = Release;
		};
/* End XCConfigurationList section */
	};
	rootObject = 3E3EDA932EE39580001016E5 /* Project object */;
}
